// !$*UTF8*$!
{
	archiveVersion = 1;
	classes = {
	};
	objectVersion = 60;
	objects = {

/* Begin PBXBuildFile section */
		B5128A402C065DC000CF1A26 /* Extension+CoreLocation.swift in Sources */ = {isa = PBXBuildFile; fileRef = B5128A3F2C065DC000CF1A26 /* Extension+CoreLocation.swift */; };
		B5614BC82C1F56C300884563 /* schema.graphqls in Resources */ = {isa = PBXBuildFile; fileRef = B5614BC62C1F56C300884563 /* schema.graphqls */; };
		B5614BCA2C1F56E900884563 /* query.graphql in Resources */ = {isa = PBXBuildFile; fileRef = B5614BC92C1F56E900884563 /* query.graphql */; };
		B5614BCD2C1F570900884563 /* OtogeNaviAPI in Frameworks */ = {isa = PBXBuildFile; productRef = B5614BCC2C1F570900884563 /* OtogeNaviAPI */; };
		B570600F2D27D002008072C4 /* PrivacyInfo.xcprivacy in Resources */ = {isa = PBXBuildFile; fileRef = B57060072D27D002008072C4 /* PrivacyInfo.xcprivacy */; };
		B57060102D27D002008072C4 /* SQLiteDatabase.swift in Sources */ = {isa = PBXBuildFile; fileRef = B570600A2D27D002008072C4 /* SQLiteDatabase.swift */; };
		B57060112D27D002008072C4 /* SQLiteNormalizedCache.swift in Sources */ = {isa = PBXBuildFile; fileRef = B570600C2D27D002008072C4 /* SQLiteNormalizedCache.swift */; };
		B57060122D27D002008072C4 /* Documentation.docc in Sources */ = {isa = PBXBuildFile; fileRef = B57060092D27D002008072C4 /* Documentation.docc */; };
		B57060132D27D002008072C4 /* SQLiteSerialization.swift in Sources */ = {isa = PBXBuildFile; fileRef = B570600D2D27D002008072C4 /* SQLiteSerialization.swift */; };
		B57060142D27D002008072C4 /* SQLiteDotSwiftDatabase.swift in Sources */ = {isa = PBXBuildFile; fileRef = B570600B2D27D002008072C4 /* SQLiteDotSwiftDatabase.swift */; };
		B57060172D27D098008072C4 /* Apollo in Frameworks */ = {isa = PBXBuildFile; productRef = B57060162D27D098008072C4 /* Apollo */; };
		B570601A2D27D10C008072C4 /* SQLite in Frameworks */ = {isa = PBXBuildFile; productRef = B57060192D27D10C008072C4 /* SQLite */; };
		B5B64C852C04E0E700FCDF90 /* OtogeNaviApp.swift in Sources */ = {isa = PBXBuildFile; fileRef = B5B64C842C04E0E700FCDF90 /* OtogeNaviApp.swift */; };
		B5B64C872C04E0E700FCDF90 /* ContentView.swift in Sources */ = {isa = PBXBuildFile; fileRef = B5B64C862C04E0E700FCDF90 /* ContentView.swift */; };
		B5B64C892C04E0E900FCDF90 /* Assets.xcassets in Resources */ = {isa = PBXBuildFile; fileRef = B5B64C882C04E0E900FCDF90 /* Assets.xcassets */; };
		B5B64C8C2C04E0E900FCDF90 /* Preview Assets.xcassets in Resources */ = {isa = PBXBuildFile; fileRef = B5B64C8B2C04E0E900FCDF90 /* Preview Assets.xcassets */; };
		B5B64D072C05CE6000FCDF90 /* PlaceView.swift in Sources */ = {isa = PBXBuildFile; fileRef = B5B64D062C05CE6000FCDF90 /* PlaceView.swift */; };
		B5B64D0A2C05D34800FCDF90 /* Glur in Frameworks */ = {isa = PBXBuildFile; productRef = B5B64D092C05D34800FCDF90 /* Glur */; };
		B5B64D312C05D62000FCDF90 /* SwifterSwift in Frameworks */ = {isa = PBXBuildFile; productRef = B5B64D302C05D62000FCDF90 /* SwifterSwift */; };
		B5B64D772C05F10100FCDF90 /* VariableBlurView.swift in Sources */ = {isa = PBXBuildFile; fileRef = B5B64D762C05F10100FCDF90 /* VariableBlurView.swift */; };
		B5B64D7A2C06537A00FCDF90 /* ClusterMap in Frameworks */ = {isa = PBXBuildFile; productRef = B5B64D792C06537A00FCDF90 /* ClusterMap */; };
		B5B64D7C2C06537A00FCDF90 /* ClusterMapSwiftUI in Frameworks */ = {isa = PBXBuildFile; productRef = B5B64D7B2C06537A00FCDF90 /* ClusterMapSwiftUI */; };
		B5B64D7E2C06547700FCDF90 /* ContentView+DataSource.swift in Sources */ = {isa = PBXBuildFile; fileRef = B5B64D7D2C06547700FCDF90 /* ContentView+DataSource.swift */; };
		B5B64D812C06564000FCDF90 /* Toast in Frameworks */ = {isa = PBXBuildFile; productRef = B5B64D802C06564000FCDF90 /* Toast */; };
		B5B64D842C065A7A00FCDF90 /* LocationManager.swift in Sources */ = {isa = PBXBuildFile; fileRef = B5B64D832C065A7A00FCDF90 /* LocationManager.swift */; };
/* End PBXBuildFile section */

/* Begin PBXFileReference section */
		B5128A3F2C065DC000CF1A26 /* Extension+CoreLocation.swift */ = {isa = PBXFileReference; lastKnownFileType = sourcecode.swift; path = "Extension+CoreLocation.swift"; sourceTree = "<group>"; };
		B557520E2C9E714000A91F7E /* Info.plist */ = {isa = PBXFileReference; lastKnownFileType = text.plist; path = Info.plist; sourceTree = "<group>"; };
		B5614BC62C1F56C300884563 /* schema.graphqls */ = {isa = PBXFileReference; fileEncoding = 4; lastKnownFileType = text; path = schema.graphqls; sourceTree = "<group>"; };
		B5614BC92C1F56E900884563 /* query.graphql */ = {isa = PBXFileReference; lastKnownFileType = text; path = query.graphql; sourceTree = "<group>"; };
		B57060072D27D002008072C4 /* PrivacyInfo.xcprivacy */ = {isa = PBXFileReference; lastKnownFileType = text.xml; path = PrivacyInfo.xcprivacy; sourceTree = "<group>"; };
		B57060092D27D002008072C4 /* Documentation.docc */ = {isa = PBXFileReference; lastKnownFileType = folder.documentationcatalog; path = Documentation.docc; sourceTree = "<group>"; };
		B570600A2D27D002008072C4 /* SQLiteDatabase.swift */ = {isa = PBXFileReference; lastKnownFileType = sourcecode.swift; path = SQLiteDatabase.swift; sourceTree = "<group>"; };
		B570600B2D27D002008072C4 /* SQLiteDotSwiftDatabase.swift */ = {isa = PBXFileReference; lastKnownFileType = sourcecode.swift; path = SQLiteDotSwiftDatabase.swift; sourceTree = "<group>"; };
		B570600C2D27D002008072C4 /* SQLiteNormalizedCache.swift */ = {isa = PBXFileReference; lastKnownFileType = sourcecode.swift; path = SQLiteNormalizedCache.swift; sourceTree = "<group>"; };
		B570600D2D27D002008072C4 /* SQLiteSerialization.swift */ = {isa = PBXFileReference; lastKnownFileType = sourcecode.swift; path = SQLiteSerialization.swift; sourceTree = "<group>"; };
		B5B64C812C04E0E700FCDF90 /* OtogeNavi.app */ = {isa = PBXFileReference; explicitFileType = wrapper.application; includeInIndex = 0; path = OtogeNavi.app; sourceTree = BUILT_PRODUCTS_DIR; };
		B5B64C842C04E0E700FCDF90 /* OtogeNaviApp.swift */ = {isa = PBXFileReference; lastKnownFileType = sourcecode.swift; path = OtogeNaviApp.swift; sourceTree = "<group>"; };
		B5B64C862C04E0E700FCDF90 /* ContentView.swift */ = {isa = PBXFileReference; lastKnownFileType = sourcecode.swift; path = ContentView.swift; sourceTree = "<group>"; };
		B5B64C882C04E0E900FCDF90 /* Assets.xcassets */ = {isa = PBXFileReference; lastKnownFileType = folder.assetcatalog; path = Assets.xcassets; sourceTree = "<group>"; };
		B5B64C8B2C04E0E900FCDF90 /* Preview Assets.xcassets */ = {isa = PBXFileReference; lastKnownFileType = folder.assetcatalog; path = "Preview Assets.xcassets"; sourceTree = "<group>"; };
		B5B64D062C05CE6000FCDF90 /* PlaceView.swift */ = {isa = PBXFileReference; lastKnownFileType = sourcecode.swift; path = PlaceView.swift; sourceTree = "<group>"; };
		B5B64D762C05F10100FCDF90 /* VariableBlurView.swift */ = {isa = PBXFileReference; lastKnownFileType = sourcecode.swift; path = VariableBlurView.swift; sourceTree = "<group>"; };
		B5B64D7D2C06547700FCDF90 /* ContentView+DataSource.swift */ = {isa = PBXFileReference; lastKnownFileType = sourcecode.swift; path = "ContentView+DataSource.swift"; sourceTree = "<group>"; };
		B5B64D832C065A7A00FCDF90 /* LocationManager.swift */ = {isa = PBXFileReference; lastKnownFileType = sourcecode.swift; path = LocationManager.swift; sourceTree = "<group>"; };
/* End PBXFileReference section */

/* Begin PBXFrameworksBuildPhase section */
		B5B64C7E2C04E0E700FCDF90 /* Frameworks */ = {
			isa = PBXFrameworksBuildPhase;
			buildActionMask = 2147483647;
			files = (
				B570601A2D27D10C008072C4 /* SQLite in Frameworks */,
				B5B64D312C05D62000FCDF90 /* SwifterSwift in Frameworks */,
				B5614BCD2C1F570900884563 /* OtogeNaviAPI in Frameworks */,
				B5B64D7A2C06537A00FCDF90 /* ClusterMap in Frameworks */,
				B5B64D7C2C06537A00FCDF90 /* ClusterMapSwiftUI in Frameworks */,
				B5B64D812C06564000FCDF90 /* Toast in Frameworks */,
				B57060172D27D098008072C4 /* Apollo in Frameworks */,
				B5B64D0A2C05D34800FCDF90 /* Glur in Frameworks */,
			);
			runOnlyForDeploymentPostprocessing = 0;
		};
/* End PBXFrameworksBuildPhase section */

/* Begin PBXGroup section */
		B5614BC72C1F56C300884563 /* graphql */ = {
			isa = PBXGroup;
			children = (
				B5614BC62C1F56C300884563 /* schema.graphqls */,
				B5614BC92C1F56E900884563 /* query.graphql */,
			);
			path = graphql;
			sourceTree = "<group>";
		};
		B57060082D27D002008072C4 /* Resources */ = {
			isa = PBXGroup;
			children = (
				B57060072D27D002008072C4 /* PrivacyInfo.xcprivacy */,
			);
			path = Resources;
			sourceTree = "<group>";
		};
		B570600E2D27D002008072C4 /* ApolloSQLite */ = {
			isa = PBXGroup;
			children = (
				B57060082D27D002008072C4 /* Resources */,
				B57060092D27D002008072C4 /* Documentation.docc */,
				B570600A2D27D002008072C4 /* SQLiteDatabase.swift */,
				B570600B2D27D002008072C4 /* SQLiteDotSwiftDatabase.swift */,
				B570600C2D27D002008072C4 /* SQLiteNormalizedCache.swift */,
				B570600D2D27D002008072C4 /* SQLiteSerialization.swift */,
			);
			path = ApolloSQLite;
			sourceTree = "<group>";
		};
		B5B64C782C04E0E700FCDF90 = {
			isa = PBXGroup;
			children = (
				B570600E2D27D002008072C4 /* ApolloSQLite */,
				B5614BC72C1F56C300884563 /* graphql */,
				B5B64C832C04E0E700FCDF90 /* OtogeNavi */,
				B5B64C822C04E0E700FCDF90 /* Products */,
				B5B64C9C2C050F9400FCDF90 /* Frameworks */,
			);
			sourceTree = "<group>";
		};
		B5B64C822C04E0E700FCDF90 /* Products */ = {
			isa = PBXGroup;
			children = (
				B5B64C812C04E0E700FCDF90 /* OtogeNavi.app */,
			);
			name = Products;
			sourceTree = "<group>";
		};
		B5B64C832C04E0E700FCDF90 /* OtogeNavi */ = {
			isa = PBXGroup;
			children = (
				B557520E2C9E714000A91F7E /* Info.plist */,
				B5B64D752C05F0F800FCDF90 /* Views */,
				B5B64C842C04E0E700FCDF90 /* OtogeNaviApp.swift */,
				B5B64C862C04E0E700FCDF90 /* ContentView.swift */,
				B5B64D7D2C06547700FCDF90 /* ContentView+DataSource.swift */,
				B5B64D832C065A7A00FCDF90 /* LocationManager.swift */,
				B5128A3F2C065DC000CF1A26 /* Extension+CoreLocation.swift */,
				B5B64D062C05CE6000FCDF90 /* PlaceView.swift */,
				B5B64C882C04E0E900FCDF90 /* Assets.xcassets */,
				B5B64C8A2C04E0E900FCDF90 /* Preview Content */,
			);
			path = OtogeNavi;
			sourceTree = "<group>";
		};
		B5B64C8A2C04E0E900FCDF90 /* Preview Content */ = {
			isa = PBXGroup;
			children = (
				B5B64C8B2C04E0E900FCDF90 /* Preview Assets.xcassets */,
			);
			path = "Preview Content";
			sourceTree = "<group>";
		};
		B5B64C9C2C050F9400FCDF90 /* Frameworks */ = {
			isa = PBXGroup;
			children = (
			);
			name = Frameworks;
			sourceTree = "<group>";
		};
		B5B64D752C05F0F800FCDF90 /* Views */ = {
			isa = PBXGroup;
			children = (
				B5B64D762C05F10100FCDF90 /* VariableBlurView.swift */,
			);
			path = Views;
			sourceTree = "<group>";
		};
/* End PBXGroup section */

/* Begin PBXNativeTarget section */
		B5B64C802C04E0E700FCDF90 /* OtogeNavi */ = {
			isa = PBXNativeTarget;
			buildConfigurationList = B5B64C8F2C04E0E900FCDF90 /* Build configuration list for PBXNativeTarget "OtogeNavi" */;
			buildPhases = (
				B5B64C7D2C04E0E700FCDF90 /* Sources */,
				B5B64C7E2C04E0E700FCDF90 /* Frameworks */,
				B5B64C7F2C04E0E700FCDF90 /* Resources */,
			);
			buildRules = (
			);
			dependencies = (
			);
			name = OtogeNavi;
			packageProductDependencies = (
				B5B64D092C05D34800FCDF90 /* Glur */,
				B5B64D302C05D62000FCDF90 /* SwifterSwift */,
				B5B64D792C06537A00FCDF90 /* ClusterMap */,
				B5B64D7B2C06537A00FCDF90 /* ClusterMapSwiftUI */,
				B5B64D802C06564000FCDF90 /* Toast */,
				B5614BCC2C1F570900884563 /* OtogeNaviAPI */,
				B57060162D27D098008072C4 /* Apollo */,
				B57060192D27D10C008072C4 /* SQLite */,
			);
			productName = OtogeNavi;
			productReference = B5B64C812C04E0E700FCDF90 /* OtogeNavi.app */;
			productType = "com.apple.product-type.application";
		};
/* End PBXNativeTarget section */

/* Begin PBXProject section */
		B5B64C792C04E0E700FCDF90 /* Project object */ = {
			isa = PBXProject;
			attributes = {
				BuildIndependentTargetsInParallel = 1;
				LastSwiftUpdateCheck = 1530;
				LastUpgradeCheck = 1530;
				TargetAttributes = {
					B5B64C802C04E0E700FCDF90 = {
						CreatedOnToolsVersion = 15.3;
					};
				};
			};
			buildConfigurationList = B5B64C7C2C04E0E700FCDF90 /* Build configuration list for PBXProject "OtogeNavi" */;
			compatibilityVersion = "Xcode 14.0";
			developmentRegion = en;
			hasScannedForEncodings = 0;
			knownRegions = (
				en,
				Base,
			);
			mainGroup = B5B64C782C04E0E700FCDF90;
			packageReferences = (
				B5B64D082C05D34800FCDF90 /* XCRemoteSwiftPackageReference "Glur" */,
				B5B64D2F2C05D62000FCDF90 /* XCRemoteSwiftPackageReference "SwifterSwift" */,
				B5B64D782C06537A00FCDF90 /* XCRemoteSwiftPackageReference "ClusterMap" */,
				B5B64D7F2C06564000FCDF90 /* XCRemoteSwiftPackageReference "toast-swift" */,
				B5614BCB2C1F570900884563 /* XCLocalSwiftPackageReference "OtogeNaviAPI" */,
				B57060152D27D098008072C4 /* XCRemoteSwiftPackageReference "apollo-ios" */,
				B57060182D27D10C008072C4 /* XCRemoteSwiftPackageReference "SQLite.swift" */,
			);
			productRefGroup = B5B64C822C04E0E700FCDF90 /* Products */;
			projectDirPath = "";
			projectRoot = "";
			targets = (
				B5B64C802C04E0E700FCDF90 /* OtogeNavi */,
			);
		};
/* End PBXProject section */

/* Begin PBXResourcesBuildPhase section */
		B5B64C7F2C04E0E700FCDF90 /* Resources */ = {
			isa = PBXResourcesBuildPhase;
			buildActionMask = 2147483647;
			files = (
				B5614BCA2C1F56E900884563 /* query.graphql in Resources */,
				B5B64C8C2C04E0E900FCDF90 /* Preview Assets.xcassets in Resources */,
				B5614BC82C1F56C300884563 /* schema.graphqls in Resources */,
				B570600F2D27D002008072C4 /* PrivacyInfo.xcprivacy in Resources */,
				B5B64C892C04E0E900FCDF90 /* Assets.xcassets in Resources */,
			);
			runOnlyForDeploymentPostprocessing = 0;
		};
/* End PBXResourcesBuildPhase section */

/* Begin PBXSourcesBuildPhase section */
		B5B64C7D2C04E0E700FCDF90 /* Sources */ = {
			isa = PBXSourcesBuildPhase;
			buildActionMask = 2147483647;
			files = (
				B57060102D27D002008072C4 /* SQLiteDatabase.swift in Sources */,
				B57060112D27D002008072C4 /* SQLiteNormalizedCache.swift in Sources */,
				B57060122D27D002008072C4 /* Documentation.docc in Sources */,
				B57060132D27D002008072C4 /* SQLiteSerialization.swift in Sources */,
				B57060142D27D002008072C4 /* SQLiteDotSwiftDatabase.swift in Sources */,
				B5B64C872C04E0E700FCDF90 /* ContentView.swift in Sources */,
				B5B64D072C05CE6000FCDF90 /* PlaceView.swift in Sources */,
				B5128A402C065DC000CF1A26 /* Extension+CoreLocation.swift in Sources */,
				B5B64D772C05F10100FCDF90 /* VariableBlurView.swift in Sources */,
				B5B64D7E2C06547700FCDF90 /* ContentView+DataSource.swift in Sources */,
				B5B64D842C065A7A00FCDF90 /* LocationManager.swift in Sources */,
				B5B64C852C04E0E700FCDF90 /* OtogeNaviApp.swift in Sources */,
			);
			runOnlyForDeploymentPostprocessing = 0;
		};
/* End PBXSourcesBuildPhase section */

/* Begin XCBuildConfiguration section */
		B5B64C8D2C04E0E900FCDF90 /* Debug */ = {
			isa = XCBuildConfiguration;
			buildSettings = {
				ALWAYS_SEARCH_USER_PATHS = NO;
				ASSETCATALOG_COMPILER_GENERATE_SWIFT_ASSET_SYMBOL_EXTENSIONS = YES;
				CLANG_ANALYZER_NONNULL = YES;
				CLANG_ANALYZER_NUMBER_OBJECT_CONVERSION = YES_AGGRESSIVE;
				CLANG_CXX_LANGUAGE_STANDARD = "gnu++20";
				CLANG_ENABLE_MODULES = YES;
				CLANG_ENABLE_OBJC_ARC = YES;
				CLANG_ENABLE_OBJC_WEAK = YES;
				CLANG_WARN_BLOCK_CAPTURE_AUTORELEASING = YES;
				CLANG_WARN_BOOL_CONVERSION = YES;
				CLANG_WARN_COMMA = YES;
				CLANG_WARN_CONSTANT_CONVERSION = YES;
				CLANG_WARN_DEPRECATED_OBJC_IMPLEMENTATIONS = YES;
				CLANG_WARN_DIRECT_OBJC_ISA_USAGE = YES_ERROR;
				CLANG_WARN_DOCUMENTATION_COMMENTS = YES;
				CLANG_WARN_EMPTY_BODY = YES;
				CLANG_WARN_ENUM_CONVERSION = YES;
				CLANG_WARN_INFINITE_RECURSION = YES;
				CLANG_WARN_INT_CONVERSION = YES;
				CLANG_WARN_NON_LITERAL_NULL_CONVERSION = YES;
				CLANG_WARN_OBJC_IMPLICIT_RETAIN_SELF = YES;
				CLANG_WARN_OBJC_LITERAL_CONVERSION = YES;
				CLANG_WARN_OBJC_ROOT_CLASS = YES_ERROR;
				CLANG_WARN_QUOTED_INCLUDE_IN_FRAMEWORK_HEADER = YES;
				CLANG_WARN_RANGE_LOOP_ANALYSIS = YES;
				CLANG_WARN_STRICT_PROTOTYPES = YES;
				CLANG_WARN_SUSPICIOUS_MOVE = YES;
				CLANG_WARN_UNGUARDED_AVAILABILITY = YES_AGGRESSIVE;
				CLANG_WARN_UNREACHABLE_CODE = YES;
				CLANG_WARN__DUPLICATE_METHOD_MATCH = YES;
				COPY_PHASE_STRIP = NO;
				DEBUG_INFORMATION_FORMAT = dwarf;
				ENABLE_STRICT_OBJC_MSGSEND = YES;
				ENABLE_TESTABILITY = YES;
				ENABLE_USER_SCRIPT_SANDBOXING = YES;
				GCC_C_LANGUAGE_STANDARD = gnu17;
				GCC_DYNAMIC_NO_PIC = NO;
				GCC_NO_COMMON_BLOCKS = YES;
				GCC_OPTIMIZATION_LEVEL = 0;
				GCC_PREPROCESSOR_DEFINITIONS = (
					"DEBUG=1",
					"$(inherited)",
				);
				GCC_WARN_64_TO_32_BIT_CONVERSION = YES;
				GCC_WARN_ABOUT_RETURN_TYPE = YES_ERROR;
				GCC_WARN_UNDECLARED_SELECTOR = YES;
				GCC_WARN_UNINITIALIZED_AUTOS = YES_AGGRESSIVE;
				GCC_WARN_UNUSED_FUNCTION = YES;
				GCC_WARN_UNUSED_VARIABLE = YES;
				IPHONEOS_DEPLOYMENT_TARGET = 17.4;
				LOCALIZATION_PREFERS_STRING_CATALOGS = YES;
				MTL_ENABLE_DEBUG_INFO = INCLUDE_SOURCE;
				MTL_FAST_MATH = YES;
				ONLY_ACTIVE_ARCH = YES;
				SDKROOT = iphoneos;
				SWIFT_ACTIVE_COMPILATION_CONDITIONS = "DEBUG $(inherited)";
				SWIFT_OPTIMIZATION_LEVEL = "-Onone";
			};
			name = Debug;
		};
		B5B64C8E2C04E0E900FCDF90 /* Release */ = {
			isa = XCBuildConfiguration;
			buildSettings = {
				ALWAYS_SEARCH_USER_PATHS = NO;
				ASSETCATALOG_COMPILER_GENERATE_SWIFT_ASSET_SYMBOL_EXTENSIONS = YES;
				CLANG_ANALYZER_NONNULL = YES;
				CLANG_ANALYZER_NUMBER_OBJECT_CONVERSION = YES_AGGRESSIVE;
				CLANG_CXX_LANGUAGE_STANDARD = "gnu++20";
				CLANG_ENABLE_MODULES = YES;
				CLANG_ENABLE_OBJC_ARC = YES;
				CLANG_ENABLE_OBJC_WEAK = YES;
				CLANG_WARN_BLOCK_CAPTURE_AUTORELEASING = YES;
				CLANG_WARN_BOOL_CONVERSION = YES;
				CLANG_WARN_COMMA = YES;
				CLANG_WARN_CONSTANT_CONVERSION = YES;
				CLANG_WARN_DEPRECATED_OBJC_IMPLEMENTATIONS = YES;
				CLANG_WARN_DIRECT_OBJC_ISA_USAGE = YES_ERROR;
				CLANG_WARN_DOCUMENTATION_COMMENTS = YES;
				CLANG_WARN_EMPTY_BODY = YES;
				CLANG_WARN_ENUM_CONVERSION = YES;
				CLANG_WARN_INFINITE_RECURSION = YES;
				CLANG_WARN_INT_CONVERSION = YES;
				CLANG_WARN_NON_LITERAL_NULL_CONVERSION = YES;
				CLANG_WARN_OBJC_IMPLICIT_RETAIN_SELF = YES;
				CLANG_WARN_OBJC_LITERAL_CONVERSION = YES;
				CLANG_WARN_OBJC_ROOT_CLASS = YES_ERROR;
				CLANG_WARN_QUOTED_INCLUDE_IN_FRAMEWORK_HEADER = YES;
				CLANG_WARN_RANGE_LOOP_ANALYSIS = YES;
				CLANG_WARN_STRICT_PROTOTYPES = YES;
				CLANG_WARN_SUSPICIOUS_MOVE = YES;
				CLANG_WARN_UNGUARDED_AVAILABILITY = YES_AGGRESSIVE;
				CLANG_WARN_UNREACHABLE_CODE = YES;
				CLANG_WARN__DUPLICATE_METHOD_MATCH = YES;
				COPY_PHASE_STRIP = NO;
				DEBUG_INFORMATION_FORMAT = "dwarf-with-dsym";
				ENABLE_NS_ASSERTIONS = NO;
				ENABLE_STRICT_OBJC_MSGSEND = YES;
				ENABLE_USER_SCRIPT_SANDBOXING = YES;
				GCC_C_LANGUAGE_STANDARD = gnu17;
				GCC_NO_COMMON_BLOCKS = YES;
				GCC_WARN_64_TO_32_BIT_CONVERSION = YES;
				GCC_WARN_ABOUT_RETURN_TYPE = YES_ERROR;
				GCC_WARN_UNDECLARED_SELECTOR = YES;
				GCC_WARN_UNINITIALIZED_AUTOS = YES_AGGRESSIVE;
				GCC_WARN_UNUSED_FUNCTION = YES;
				GCC_WARN_UNUSED_VARIABLE = YES;
				IPHONEOS_DEPLOYMENT_TARGET = 17.4;
				LOCALIZATION_PREFERS_STRING_CATALOGS = YES;
				MTL_ENABLE_DEBUG_INFO = NO;
				MTL_FAST_MATH = YES;
				SDKROOT = iphoneos;
				SWIFT_COMPILATION_MODE = wholemodule;
				VALIDATE_PRODUCT = YES;
			};
			name = Release;
		};
		B5B64C902C04E0E900FCDF90 /* Debug */ = {
			isa = XCBuildConfiguration;
			buildSettings = {
				ASSETCATALOG_COMPILER_APPICON_NAME = AppIcon;
				ASSETCATALOG_COMPILER_GLOBAL_ACCENT_COLOR_NAME = AccentColor;
				CODE_SIGN_STYLE = Automatic;
				CURRENT_PROJECT_VERSION = 1;
				DEVELOPMENT_ASSET_PATHS = "\"OtogeNavi/Preview Content\"";
				DEVELOPMENT_TEAM = SY8Y8N4TPM;
				ENABLE_PREVIEWS = YES;
				GENERATE_INFOPLIST_FILE = YES;
				INFOPLIST_FILE = OtogeNavi/Info.plist;
				INFOPLIST_KEY_NSLocationWhenInUseUsageDescription = "OtogeNavi uses your location to provide Arcade information around you.";
				INFOPLIST_KEY_UIApplicationSceneManifest_Generation = YES;
				INFOPLIST_KEY_UIApplicationSupportsIndirectInputEvents = YES;
				INFOPLIST_KEY_UILaunchScreen_Generation = YES;
				INFOPLIST_KEY_UISupportedInterfaceOrientations_iPad = "UIInterfaceOrientationPortrait UIInterfaceOrientationPortraitUpsideDown UIInterfaceOrientationLandscapeLeft UIInterfaceOrientationLandscapeRight";
				INFOPLIST_KEY_UISupportedInterfaceOrientations_iPhone = "UIInterfaceOrientationPortrait UIInterfaceOrientationLandscapeLeft UIInterfaceOrientationLandscapeRight";
				IPHONEOS_DEPLOYMENT_TARGET = 18.0;
				LD_RUNPATH_SEARCH_PATHS = (
					"$(inherited)",
					"@executable_path/Frameworks",
				);
				MARKETING_VERSION = 1.1;
				PRODUCT_BUNDLE_IDENTIFIER = dev.imgg.OtogeNavi;
				PRODUCT_NAME = "$(TARGET_NAME)";
				SWIFT_EMIT_LOC_STRINGS = YES;
				SWIFT_VERSION = 5.0;
				TARGETED_DEVICE_FAMILY = "1,2";
			};
			name = Debug;
		};
		B5B64C912C04E0E900FCDF90 /* Release */ = {
			isa = XCBuildConfiguration;
			buildSettings = {
				ASSETCATALOG_COMPILER_APPICON_NAME = AppIcon;
				ASSETCATALOG_COMPILER_GLOBAL_ACCENT_COLOR_NAME = AccentColor;
				CODE_SIGN_STYLE = Automatic;
				CURRENT_PROJECT_VERSION = 1;
				DEVELOPMENT_ASSET_PATHS = "\"OtogeNavi/Preview Content\"";
				DEVELOPMENT_TEAM = SY8Y8N4TPM;
				ENABLE_PREVIEWS = YES;
				GENERATE_INFOPLIST_FILE = YES;
				INFOPLIST_FILE = OtogeNavi/Info.plist;
				INFOPLIST_KEY_NSLocationWhenInUseUsageDescription = "OtogeNavi uses your location to provide Arcade information around you.";
				INFOPLIST_KEY_UIApplicationSceneManifest_Generation = YES;
				INFOPLIST_KEY_UIApplicationSupportsIndirectInputEvents = YES;
				INFOPLIST_KEY_UILaunchScreen_Generation = YES;
				INFOPLIST_KEY_UISupportedInterfaceOrientations_iPad = "UIInterfaceOrientationPortrait UIInterfaceOrientationPortraitUpsideDown UIInterfaceOrientationLandscapeLeft UIInterfaceOrientationLandscapeRight";
				INFOPLIST_KEY_UISupportedInterfaceOrientations_iPhone = "UIInterfaceOrientationPortrait UIInterfaceOrientationLandscapeLeft UIInterfaceOrientationLandscapeRight";
				IPHONEOS_DEPLOYMENT_TARGET = 18.0;
				LD_RUNPATH_SEARCH_PATHS = (
					"$(inherited)",
					"@executable_path/Frameworks",
				);
				MARKETING_VERSION = 1.1;
				PRODUCT_BUNDLE_IDENTIFIER = dev.imgg.OtogeNavi;
				PRODUCT_NAME = "$(TARGET_NAME)";
				SWIFT_EMIT_LOC_STRINGS = YES;
				SWIFT_VERSION = 5.0;
				TARGETED_DEVICE_FAMILY = "1,2";
			};
			name = Release;
		};
/* End XCBuildConfiguration section */

/* Begin XCConfigurationList section */
		B5B64C7C2C04E0E700FCDF90 /* Build configuration list for PBXProject "OtogeNavi" */ = {
			isa = XCConfigurationList;
			buildConfigurations = (
				B5B64C8D2C04E0E900FCDF90 /* Debug */,
				B5B64C8E2C04E0E900FCDF90 /* Release */,
			);
			defaultConfigurationIsVisible = 0;
			defaultConfigurationName = Release;
		};
		B5B64C8F2C04E0E900FCDF90 /* Build configuration list for PBXNativeTarget "OtogeNavi" */ = {
			isa = XCConfigurationList;
			buildConfigurations = (
				B5B64C902C04E0E900FCDF90 /* Debug */,
				B5B64C912C04E0E900FCDF90 /* Release */,
			);
			defaultConfigurationIsVisible = 0;
			defaultConfigurationName = Release;
		};
/* End XCConfigurationList section */

/* Begin XCLocalSwiftPackageReference section */
		B5614BCB2C1F570900884563 /* XCLocalSwiftPackageReference "OtogeNaviAPI" */ = {
			isa = XCLocalSwiftPackageReference;
			relativePath = OtogeNaviAPI;
		};
/* End XCLocalSwiftPackageReference section */

/* Begin XCRemoteSwiftPackageReference section */
		B57060152D27D098008072C4 /* XCRemoteSwiftPackageReference "apollo-ios" */ = {
			isa = XCRemoteSwiftPackageReference;
			repositoryURL = "https://github.com/apollographql/apollo-ios.git";
			requirement = {
				kind = upToNextMajorVersion;
				minimumVersion = 1.15.3;
			};
		};
		B57060182D27D10C008072C4 /* XCRemoteSwiftPackageReference "SQLite.swift" */ = {
			isa = XCRemoteSwiftPackageReference;
			repositoryURL = "https://github.com/stephencelis/SQLite.swift.git";
			requirement = {
				kind = upToNextMajorVersion;
				minimumVersion = 0.15.3;
			};
		};
		B5B64D082C05D34800FCDF90 /* XCRemoteSwiftPackageReference "Glur" */ = {
			isa = XCRemoteSwiftPackageReference;
			repositoryURL = "git@github.com:joogps/Glur.git";
			requirement = {
				kind = upToNextMajorVersion;
				minimumVersion = 1.0.4;
			};
		};
		B5B64D2F2C05D62000FCDF90 /* XCRemoteSwiftPackageReference "SwifterSwift" */ = {
			isa = XCRemoteSwiftPackageReference;
			repositoryURL = "https://github.com/SwifterSwift/SwifterSwift.git";
			requirement = {
				kind = upToNextMajorVersion;
				minimumVersion = 6.2.0;
			};
		};
		B5B64D782C06537A00FCDF90 /* XCRemoteSwiftPackageReference "ClusterMap" */ = {
			isa = XCRemoteSwiftPackageReference;
			repositoryURL = "https://github.com/vospennikov/ClusterMap.git";
			requirement = {
				kind = upToNextMajorVersion;
				minimumVersion = 2.1.1;
			};
		};
		B5B64D7F2C06564000FCDF90 /* XCRemoteSwiftPackageReference "toast-swift" */ = {
			isa = XCRemoteSwiftPackageReference;
			repositoryURL = "https://github.com/BastiaanJansen/toast-swift";
			requirement = {
				kind = upToNextMajorVersion;
				minimumVersion = 2.1.2;
			};
		};
/* End XCRemoteSwiftPackageReference section */

/* Begin XCSwiftPackageProductDependency section */
		B5614BCC2C1F570900884563 /* OtogeNaviAPI */ = {
			isa = XCSwiftPackageProductDependency;
			productName = OtogeNaviAPI;
		};
		B57060162D27D098008072C4 /* Apollo */ = {
			isa = XCSwiftPackageProductDependency;
			package = B57060152D27D098008072C4 /* XCRemoteSwiftPackageReference "apollo-ios" */;
			productName = Apollo;
		};
		B57060192D27D10C008072C4 /* SQLite */ = {
			isa = XCSwiftPackageProductDependency;
			package = B57060182D27D10C008072C4 /* XCRemoteSwiftPackageReference "SQLite.swift" */;
			productName = SQLite;
		};
		B5B64D092C05D34800FCDF90 /* Glur */ = {
			isa = XCSwiftPackageProductDependency;
			package = B5B64D082C05D34800FCDF90 /* XCRemoteSwiftPackageReference "Glur" */;
			productName = Glur;
		};
		B5B64D302C05D62000FCDF90 /* SwifterSwift */ = {
			isa = XCSwiftPackageProductDependency;
			package = B5B64D2F2C05D62000FCDF90 /* XCRemoteSwiftPackageReference "SwifterSwift" */;
			productName = SwifterSwift;
		};
		B5B64D792C06537A00FCDF90 /* ClusterMap */ = {
			isa = XCSwiftPackageProductDependency;
			package = B5B64D782C06537A00FCDF90 /* XCRemoteSwiftPackageReference "ClusterMap" */;
			productName = ClusterMap;
		};
		B5B64D7B2C06537A00FCDF90 /* ClusterMapSwiftUI */ = {
			isa = XCSwiftPackageProductDependency;
			package = B5B64D782C06537A00FCDF90 /* XCRemoteSwiftPackageReference "ClusterMap" */;
			productName = ClusterMapSwiftUI;
		};
		B5B64D802C06564000FCDF90 /* Toast */ = {
			isa = XCSwiftPackageProductDependency;
			package = B5B64D7F2C06564000FCDF90 /* XCRemoteSwiftPackageReference "toast-swift" */;
			productName = Toast;
		};
/* End XCSwiftPackageProductDependency section */
	};
	rootObject = B5B64C792C04E0E700FCDF90 /* Project object */;
}
